
Microsoft Visual Studio Solution File, Format Version 12.00
# Visual Studio Version 17
VisualStudioVersion = 17.1.32414.318
MinimumVisualStudioVersion = 10.0.40219.1
Project("{FAE04EC0-301F-11D3-BF4B-00C04F79EFBC}") = "HelloWorld", "HelloWorld.csproj", "{15E2BC1F-2D05-4805-9366-3420AE6D7BDB}"
EndProject
Global
	GlobalSection(SolutionConfigurationPlatforms) = preSolution
		Debug|Any CPU = Debug|Any CPU
		Release|Any CPU = Release|Any CPU
	EndGlobalSection
	GlobalSection(ProjectConfigurationPlatforms) = postSolution
		{15E2BC1F-2D05-4805-9366-3420AE6D7BDB}.Debug|Any CPU.ActiveCfg = Debug|Any CPU
		{15E2BC1F-2D05-4805-9366-3420AE6D7BDB}.Debug|Any CPU.Build.0 = Debug|Any CPU
		{15E2BC1F-2D05-4805-9366-3420AE6D7BDB}.Release|Any CPU.ActiveCfg = Release|Any CPU
		{15E2BC1F-2D05-4805-9366-3420AE6D7BDB}.Release|Any CPU.Build.0 = Release|Any CPU
	EndGlobalSection
	GlobalSection(SolutionProperties) = preSolution
		HideSolutionNode = FALSE
	EndGlobalSection
	GlobalSection(ExtensibilityGlobals) = postSolution
		SolutionGuid = {EE91A529-56E8-4A06-AE02-ACC41180F4E4}
	EndGlobalSection
EndGlobal
